
Microsoft Visual Studio Solution File, Format Version 12.00
# Visual Studio Version 17
VisualStudioVersion = 17.13.35931.197
MinimumVisualStudioVersion = 10.0.40219.1
Project("{FAE04EC0-301F-11D3-BF4B-00C04F79EFBC}") = "LinAlCalc.DataProcessing", "LinAlCalc.DataProcessing\LinAlCalc.DataProcessing.csproj", "{03AD210D-E916-4C4A-8FF6-F14AB2A596E1}"
EndProject
Project("{FAE04EC0-301F-11D3-BF4B-00C04F79EFBC}") = "LinAlCalc.UI", "LinAlCalc.UI\LinAlCalc.UI.csproj", "{9A440CA5-FB81-4DA1-805A-54B703B5021A}"
EndProject
Project("{FAE04EC0-301F-11D3-BF4B-00C04F79EFBC}") = "LinAlCalc.Controller", "LinAlCalc.Controller\LinAlCalc.Controller.csproj", "{13152411-56B4-4706-91A0-FB0DB2310C06}"
EndProject
Project("{FAE04EC0-301F-11D3-BF4B-00C04F79EFBC}") = "LinAlCalc.Solver", "LinAlCalc.Solver\LinAlCalc.Solver.csproj", "{71FAE785-F1ED-44BE-8B28-CE062A826B49}"
EndProject
Project("{FAE04EC0-301F-11D3-BF4B-00C04F79EFBC}") = "LinAlCalc.FileIO", "LinAlCalc.FileIO\LinAlCalc.FileIO.csproj", "{0654875D-97DE-4811-9D4D-738822114B8C}"
EndProject
Project("{FAE04EC0-301F-11D3-BF4B-00C04F79EFBC}") = "LinAlCalc.Tests", "LinAlCalc.Tests\LinAlCalc.Tests.csproj", "{89DD1721-72FC-4ACF-B53C-0F354E1F4DDD}"
EndProject
Global
	GlobalSection(SolutionConfigurationPlatforms) = preSolution
		Debug|Any CPU = Debug|Any CPU
		Release|Any CPU = Release|Any CPU
	EndGlobalSection
	GlobalSection(ProjectConfigurationPlatforms) = postSolution
		{03AD210D-E916-4C4A-8FF6-F14AB2A596E1}.Debug|Any CPU.ActiveCfg = Debug|Any CPU
		{03AD210D-E916-4C4A-8FF6-F14AB2A596E1}.Debug|Any CPU.Build.0 = Debug|Any CPU
		{03AD210D-E916-4C4A-8FF6-F14AB2A596E1}.Release|Any CPU.ActiveCfg = Release|Any CPU
		{03AD210D-E916-4C4A-8FF6-F14AB2A596E1}.Release|Any CPU.Build.0 = Release|Any CPU
		{9A440CA5-FB81-4DA1-805A-54B703B5021A}.Debug|Any CPU.ActiveCfg = Debug|Any CPU
		{9A440CA5-FB81-4DA1-805A-54B703B5021A}.Debug|Any CPU.Build.0 = Debug|Any CPU
		{9A440CA5-FB81-4DA1-805A-54B703B5021A}.Release|Any CPU.ActiveCfg = Release|Any CPU
		{9A440CA5-FB81-4DA1-805A-54B703B5021A}.Release|Any CPU.Build.0 = Release|Any CPU
		{13152411-56B4-4706-91A0-FB0DB2310C06}.Debug|Any CPU.ActiveCfg = Debug|Any CPU
		{13152411-56B4-4706-91A0-FB0DB2310C06}.Debug|Any CPU.Build.0 = Debug|Any CPU
		{13152411-56B4-4706-91A0-FB0DB2310C06}.Release|Any CPU.ActiveCfg = Release|Any CPU
		{13152411-56B4-4706-91A0-FB0DB2310C06}.Release|Any CPU.Build.0 = Release|Any CPU
		{71FAE785-F1ED-44BE-8B28-CE062A826B49}.Debug|Any CPU.ActiveCfg = Debug|Any CPU
		{71FAE785-F1ED-44BE-8B28-CE062A826B49}.Debug|Any CPU.Build.0 = Debug|Any CPU
		{71FAE785-F1ED-44BE-8B28-CE062A826B49}.Release|Any CPU.ActiveCfg = Release|Any CPU
		{71FAE785-F1ED-44BE-8B28-CE062A826B49}.Release|Any CPU.Build.0 = Release|Any CPU
		{0654875D-97DE-4811-9D4D-738822114B8C}.Debug|Any CPU.ActiveCfg = Debug|Any CPU
		{0654875D-97DE-4811-9D4D-738822114B8C}.Debug|Any CPU.Build.0 = Debug|Any CPU
		{0654875D-97DE-4811-9D4D-738822114B8C}.Release|Any CPU.ActiveCfg = Release|Any CPU
		{0654875D-97DE-4811-9D4D-738822114B8C}.Release|Any CPU.Build.0 = Release|Any CPU
		{89DD1721-72FC-4ACF-B53C-0F354E1F4DDD}.Debug|Any CPU.ActiveCfg = Debug|Any CPU
		{89DD1721-72FC-4ACF-B53C-0F354E1F4DDD}.Debug|Any CPU.Build.0 = Debug|Any CPU
		{89DD1721-72FC-4ACF-B53C-0F354E1F4DDD}.Release|Any CPU.ActiveCfg = Release|Any CPU
		{89DD1721-72FC-4ACF-B53C-0F354E1F4DDD}.Release|Any CPU.Build.0 = Release|Any CPU
	EndGlobalSection
	GlobalSection(SolutionProperties) = preSolution
		HideSolutionNode = FALSE
	EndGlobalSection
	GlobalSection(ExtensibilityGlobals) = postSolution
		SolutionGuid = {2CCE1BC2-4DC1-486C-9ACB-20FD0417F6EB}
	EndGlobalSection
EndGlobal
